
Microsoft Visual Studio Solution File, Format Version 12.00
# Visual Studio Version 16
VisualStudioVersion = 16.0.30413.136
MinimumVisualStudioVersion = 10.0.40219.1
Project("{FAE04EC0-301F-11D3-BF4B-00C04F79EFBC}") = "FunkyCode.Stocks.DataUploadService", "FunkyCode.Stocks.DataUploadService\FunkyCode.Stocks.DataUploadService.csproj", "{E8DC4FAC-48EB-47AD-8C05-58BBBCBE538F}"
EndProject
Project("{FAE04EC0-301F-11D3-BF4B-00C04F79EFBC}") = "FunkyCode.Stocks.UnitTests", "FunkyCode.Stocks.UnitTests\FunkyCode.Stocks.UnitTests.csproj", "{A7D9EB1F-E7FA-4042-BAA9-76BA259B0B6F}"
EndProject
Global
	GlobalSection(SolutionConfigurationPlatforms) = preSolution
		Debug|Any CPU = Debug|Any CPU
		Release|Any CPU = Release|Any CPU
	EndGlobalSection
	GlobalSection(ProjectConfigurationPlatforms) = postSolution
		{E8DC4FAC-48EB-47AD-8C05-58BBBCBE538F}.Debug|Any CPU.ActiveCfg = Debug|Any CPU
		{E8DC4FAC-48EB-47AD-8C05-58BBBCBE538F}.Debug|Any CPU.Build.0 = Debug|Any CPU
		{E8DC4FAC-48EB-47AD-8C05-58BBBCBE538F}.Release|Any CPU.ActiveCfg = Release|Any CPU
		{E8DC4FAC-48EB-47AD-8C05-58BBBCBE538F}.Release|Any CPU.Build.0 = Release|Any CPU
		{A7D9EB1F-E7FA-4042-BAA9-76BA259B0B6F}.Debug|Any CPU.ActiveCfg = Debug|Any CPU
		{A7D9EB1F-E7FA-4042-BAA9-76BA259B0B6F}.Debug|Any CPU.Build.0 = Debug|Any CPU
		{A7D9EB1F-E7FA-4042-BAA9-76BA259B0B6F}.Release|Any CPU.ActiveCfg = Release|Any CPU
		{A7D9EB1F-E7FA-4042-BAA9-76BA259B0B6F}.Release|Any CPU.Build.0 = Release|Any CPU
	EndGlobalSection
	GlobalSection(SolutionProperties) = preSolution
		HideSolutionNode = FALSE
	EndGlobalSection
	GlobalSection(ExtensibilityGlobals) = postSolution
		SolutionGuid = {E74462A4-E445-4301-BCA3-6010C05CE0D8}
	EndGlobalSection
EndGlobal
